{
  "requires": true,
  "lockfileVersion": 1,
  "dependencies": {
    "darkreader": {
      "version": "4.7.15",
      "resolved": "https://registry.npmjs.org/darkreader/-/darkreader-4.7.15.tgz",
      "integrity": "sha512-i9OzIGJqmbghZ42MI0pHD9hIlEu5LDfOP5TWAg+OyZoO0XsW0D2HoFdCebS4OLRrEr3/TflzDYvUMVnosWR4uA==",
      "requires": {
        "malevic": "0.16.3"
      }
    },
    "malevic": {
      "version": "0.16.3",
      "resolved": "https://registry.npmjs.org/malevic/-/malevic-0.16.3.tgz",
      "integrity": "sha512-/ekZOKILDitU6igF0zxkuTNLQgNTTs+NafyQ19RXwT+VKN9K3qTngQ+TdqcaZJbhSzRqVIXBw6iso6WV56QlhQ=="
    }
  }
}
